PODS:
  - CocoaAsyncSocket (7.4.3):
    - CocoaAsyncSocket/All (= 7.4.3)
  - CocoaAsyncSocket/All (7.4.3):
    - CocoaAsyncSocket/GCD
    - CocoaAsyncSocket/RunLoop
  - CocoaAsyncSocket/GCD (7.4.3)
  - CocoaAsyncSocket/RunLoop (7.4.3)
  - CustomIOSAlertView (0.9.5)
  - GoldRaccoon (1.0.2)
  - HMSegmentedControl (1.5.6)
  - JSQMessagesViewController (7.3.5):
    - JSQSystemSoundPlayer (~> 2.0.1)
  - JSQSystemSoundPlayer (2.0.1)
  - KNSemiModalViewController (0.3)
  - MJRefresh (3.0.8)
  - nRFMeshProvision (2.2.3):
    - OpenSSL-Universal (= 1.0.2.19)
  - OpenSSL-Universal (1.0.2.19):
    - OpenSSL-Universal/Static (= 1.0.2.19)
  - OpenSSL-Universal/Static (1.0.2.19)
  - PulsingHalo (0.2.8)
  - Reachability (3.1.1)
  - RMMultipleViewsController (1.0.3)

DEPENDENCIES:
  - CocoaAsyncSocket (~> 7.4.2)
  - CustomIOSAlertView (~> 0.9.3)
  - GoldRaccoon (~> 1.0.2)
  - HMSegmentedControl (~> 1.5.2)
  - JSQMessagesViewController
  - KNSemiModalViewController (~> 0.3)
  - MJRefresh (~> 3.0.3)
  - nRFMeshProvision (from `./`)
  - PulsingHalo
  - Reachability (~> 3.1.0)
  - RMMultipleViewsController (~> 1.0.2)

SPEC REPOS:
  trunk:
    - CocoaAsyncSocket
    - CustomIOSAlertView
    - GoldRaccoon
    - HMSegmentedControl
    - JSQMessagesViewController
    - JSQSystemSoundPlayer
    - KNSemiModalViewController
    - MJRefresh
    - OpenSSL-Universal
    - PulsingHalo
    - Reachability
    - RMMultipleViewsController

EXTERNAL SOURCES:
  nRFMeshProvision:
    :path: "./"

SPEC CHECKSUMS:
  CocoaAsyncSocket: a18c75dca4b08723628a0bacca6e94803d90be91
  CustomIOSAlertView: cc4fa8e36219be3fd5ebcd40789f5b4aaae0f38e
  GoldRaccoon: a9143566afe37c2aba38589512aef83566a52573
  HMSegmentedControl: 34c1f54d822d8308e7b24f5d901ec674dfa31352
  JSQMessagesViewController: 6587f56aedbcb150a8ba1d968e1ef58b1bc758b7
  JSQSystemSoundPlayer: c5850e77a4363ffd374cd851154b9af93264ed8d
  KNSemiModalViewController: 8c0056377714b5170c52c65977d540200405411f
  MJRefresh: fafde8f18f4afd66b434331a9beb67a6c0264056
  nRFMeshProvision: ecb20ce595bb421f2350e539f05d7391dd507724
  OpenSSL-Universal: 8b48cc0d10c1b2923617dfe5c178aa9ed2689355
  PulsingHalo: 64938e4bd3893b823abdf01478084cd92445af2b
  Reachability: dd9aa4fb6667b9f787690a74f53cb7634ce99893
  RMMultipleViewsController: 4152ae787a65877a4cdae6af60bdad31ea500ee9

PODFILE CHECKSUM: eec2b55f2e86916cab5bfbd3b2ef8d0c1f8efde8

COCOAPODS: 1.8.4
